{
  "name": "zx-osint-bot",
  "version": "1.0.0",
  "lockfileVersion": 2,
  "requires": true,
  "packages": {
    "": {
      "name": "zx-osint-bot",
      "version": "1.0.0",
      "dependencies": {
        "axios": "^1.6.0",
        "lowdb": "^6.0.1",
        "telegraf": "^4.12.3"
      }
    }
  },
  "dependencies": {
    "axios": {
      "version": "1.6.0",
      "resolved": "https://registry.npmjs.org/axios/-/axios-1.6.0.tgz",
      "integrity": "sha512-+4uDg6paf78fHgI3VYxh1Jt3rVohY6D5q9iGqTU+ymDyKiFz3RpxjUZ6gMZc0n6CvPQ9Zc8Y3TS0GpTI9qD4Hw=="
    },
    "lowdb": {
      "version": "6.0.1",
      "resolved": "https://registry.npmjs.org/lowdb/-/lowdb-6.0.1.tgz",
      "integrity": "sha512-l+1jz6z1YKKgK3E5czpCkXpp0/8dR3uSsu+GzXfYzZyJmpv7IqZ6h1q9k9RULm+R5Fl6uY+RiEMeGy84sP6dFQ==",
      "dependencies": {
        "lodash": "^4.17.21"
      }
    },
    "telegraf": {
      "version": "4.12.3",
      "resolved": "https://registry.npmjs.org/telegraf/-/telegraf-4.12.3.tgz",
      "integrity": "sha512-+O9p2/8e5g2klz3LIl5F7Fo3MS6oCDXwYNixuQyEd3pAjoAfzBDKXe41LZ9lY4sKmGvvlKZCwG8Ffjl+WghpXQ==",
      "dependencies": {
        "axios": "^1.6.0",
        "debug": "^4.3.4",
        "telegraf-core": "^4.12.0"
      }
    }
  }
}
